// !$*UTF8*$!
{
	archiveVersion = 1;
	classes = {
	};
	objectVersion = 48;
	objects = {

/* Begin PBXBuildFile section */
		1931DC4B20D8C6E00041A751 /* GlobalVariables.swift in Sources */ = {isa = PBXBuildFile; fileRef = 1931DC4A20D8C6E00041A751 /* GlobalVariables.swift */; };
		194BAE3720C9E1B90066F044 /* GetClasses.swift in Sources */ = {isa = PBXBuildFile; fileRef = 194BAE3620C9E1B90066F044 /* GetClasses.swift */; };
		194BAE3920C9E2CF0066F044 /* WebView.swift in Sources */ = {isa = PBXBuildFile; fileRef = 194BAE3820C9E2CF0066F044 /* WebView.swift */; };
		194EFF2320B26F6E00B3582E /* Class.swift in Sources */ = {isa = PBXBuildFile; fileRef = 194EFF2220B26F6E00B3582E /* Class.swift */; };
		194EFF2720B2723F00B3582E /* TimeSlot.swift in Sources */ = {isa = PBXBuildFile; fileRef = 194EFF2620B2723F00B3582E /* TimeSlot.swift */; };
		1991DF7E20C315CA0082AC86 /* MainPage.swift in Sources */ = {isa = PBXBuildFile; fileRef = 1991DF7D20C315CA0082AC86 /* MainPage.swift */; };
		1992861F206F5E6A000A72A8 /* AppDelegate.swift in Sources */ = {isa = PBXBuildFile; fileRef = 1992861E206F5E6A000A72A8 /* AppDelegate.swift */; };
		19928621206F5E6A000A72A8 /* ViewController.swift in Sources */ = {isa = PBXBuildFile; fileRef = 19928620206F5E6A000A72A8 /* ViewController.swift */; };
		19928624206F5E6A000A72A8 /* Main.storyboard in Resources */ = {isa = PBXBuildFile; fileRef = 19928622206F5E6A000A72A8 /* Main.storyboard */; };
		19928626206F5E6A000A72A8 /* Assets.xcassets in Resources */ = {isa = PBXBuildFile; fileRef = 19928625206F5E6A000A72A8 /* Assets.xcassets */; };
		19928629206F5E6A000A72A8 /* LaunchScreen.storyboard in Resources */ = {isa = PBXBuildFile; fileRef = 19928627206F5E6A000A72A8 /* LaunchScreen.storyboard */; };
		19928634206F5E6A000A72A8 /* integratrTests.swift in Sources */ = {isa = PBXBuildFile; fileRef = 19928633206F5E6A000A72A8 /* integratrTests.swift */; };
		1992863F206F5E6A000A72A8 /* integratrUITests.swift in Sources */ = {isa = PBXBuildFile; fileRef = 1992863E206F5E6A000A72A8 /* integratrUITests.swift */; };
		19988FB620B9F1D2007949F1 /* LibBook.swift in Sources */ = {isa = PBXBuildFile; fileRef = 19988FB520B9F1D2007949F1 /* LibBook.swift */; };
		19B6648C20CCA72600C50154 /* User.swift in Sources */ = {isa = PBXBuildFile; fileRef = 19B6648B20CCA72600C50154 /* User.swift */; };
/* End PBXBuildFile section */

/* Begin PBXContainerItemProxy section */
		19928630206F5E6A000A72A8 /* PBXContainerItemProxy */ = {
			isa = PBXContainerItemProxy;
			containerPortal = 19928613206F5E69000A72A8 /* Project object */;
			proxyType = 1;
			remoteGlobalIDString = 1992861A206F5E69000A72A8;
			remoteInfo = integratr;
		};
		1992863B206F5E6A000A72A8 /* PBXContainerItemProxy */ = {
			isa = PBXContainerItemProxy;
			containerPortal = 19928613206F5E69000A72A8 /* Project object */;
			proxyType = 1;
			remoteGlobalIDString = 1992861A206F5E69000A72A8;
			remoteInfo = integratr;
		};
/* End PBXContainerItemProxy section */

/* Begin PBXFileReference section */
		1931DC4A20D8C6E00041A751 /* GlobalVariables.swift */ = {isa = PBXFileReference; lastKnownFileType = sourcecode.swift; name = GlobalVariables.swift; path = ../GlobalVariables.swift; sourceTree = "<group>"; };
		194BAE3620C9E1B90066F044 /* GetClasses.swift */ = {isa = PBXFileReference; lastKnownFileType = sourcecode.swift; path = GetClasses.swift; sourceTree = "<group>"; };
		194BAE3820C9E2CF0066F044 /* WebView.swift */ = {isa = PBXFileReference; lastKnownFileType = sourcecode.swift; path = WebView.swift; sourceTree = "<group>"; };
		194EFF2220B26F6E00B3582E /* Class.swift */ = {isa = PBXFileReference; lastKnownFileType = sourcecode.swift; path = Class.swift; sourceTree = "<group>"; };
		194EFF2620B2723F00B3582E /* TimeSlot.swift */ = {isa = PBXFileReference; fileEncoding = 4; lastKnownFileType = sourcecode.swift; path = TimeSlot.swift; sourceTree = "<group>"; };
		1991DF7D20C315CA0082AC86 /* MainPage.swift */ = {isa = PBXFileReference; lastKnownFileType = sourcecode.swift; path = MainPage.swift; sourceTree = "<group>"; };
		1992861B206F5E6A000A72A8 /* integratr.app */ = {isa = PBXFileReference; explicitFileType = wrapper.application; includeInIndex = 0; path = integratr.app; sourceTree = BUILT_PRODUCTS_DIR; };
		1992861E206F5E6A000A72A8 /* AppDelegate.swift */ = {isa = PBXFileReference; lastKnownFileType = sourcecode.swift; path = AppDelegate.swift; sourceTree = "<group>"; };
		19928620206F5E6A000A72A8 /* ViewController.swift */ = {isa = PBXFileReference; lastKnownFileType = sourcecode.swift; path = ViewController.swift; sourceTree = "<group>"; };
		19928623206F5E6A000A72A8 /* Base */ = {isa = PBXFileReference; lastKnownFileType = file.storyboard; name = Base; path = Base.lproj/Main.storyboard; sourceTree = "<group>"; };
		19928625206F5E6A000A72A8 /* Assets.xcassets */ = {isa = PBXFileReference; lastKnownFileType = folder.assetcatalog; path = Assets.xcassets; sourceTree = "<group>"; };
		19928628206F5E6A000A72A8 /* Base */ = {isa = PBXFileReference; lastKnownFileType = file.storyboard; name = Base; path = Base.lproj/LaunchScreen.storyboard; sourceTree = "<group>"; };
		1992862A206F5E6A000A72A8 /* Info.plist */ = {isa = PBXFileReference; lastKnownFileType = text.plist.xml; path = Info.plist; sourceTree = "<group>"; };
		1992862F206F5E6A000A72A8 /* integratrTests.xctest */ = {isa = PBXFileReference; explicitFileType = wrapper.cfbundle; includeInIndex = 0; path = integratrTests.xctest; sourceTree = BUILT_PRODUCTS_DIR; };
		19928633206F5E6A000A72A8 /* integratrTests.swift */ = {isa = PBXFileReference; lastKnownFileType = sourcecode.swift; path = integratrTests.swift; sourceTree = "<group>"; };
		19928635206F5E6A000A72A8 /* Info.plist */ = {isa = PBXFileReference; lastKnownFileType = text.plist.xml; path = Info.plist; sourceTree = "<group>"; };
		1992863A206F5E6A000A72A8 /* integratrUITests.xctest */ = {isa = PBXFileReference; explicitFileType = wrapper.cfbundle; includeInIndex = 0; path = integratrUITests.xctest; sourceTree = BUILT_PRODUCTS_DIR; };
		1992863E206F5E6A000A72A8 /* integratrUITests.swift */ = {isa = PBXFileReference; lastKnownFileType = sourcecode.swift; path = integratrUITests.swift; sourceTree = "<group>"; };
		19928640206F5E6A000A72A8 /* Info.plist */ = {isa = PBXFileReference; lastKnownFileType = text.plist.xml; path = Info.plist; sourceTree = "<group>"; };
		19988FB520B9F1D2007949F1 /* LibBook.swift */ = {isa = PBXFileReference; lastKnownFileType = sourcecode.swift; path = LibBook.swift; sourceTree = "<group>"; };
		19B6648B20CCA72600C50154 /* User.swift */ = {isa = PBXFileReference; lastKnownFileType = sourcecode.swift; path = User.swift; sourceTree = "<group>"; };
/* End PBXFileReference section */

/* Begin PBXFrameworksBuildPhase section */
		19928618206F5E69000A72A8 /* Frameworks */ = {
			isa = PBXFrameworksBuildPhase;
			buildActionMask = 2147483647;
			files = (
			);
			runOnlyForDeploymentPostprocessing = 0;
		};
		1992862C206F5E6A000A72A8 /* Frameworks */ = {
			isa = PBXFrameworksBuildPhase;
			buildActionMask = 2147483647;
			files = (
			);
			runOnlyForDeploymentPostprocessing = 0;
		};
		19928637206F5E6A000A72A8 /* Frameworks */ = {
			isa = PBXFrameworksBuildPhase;
			buildActionMask = 2147483647;
			files = (
			);
			runOnlyForDeploymentPostprocessing = 0;
		};
/* End PBXFrameworksBuildPhase section */

/* Begin PBXGroup section */
		19928612206F5E69000A72A8 = {
			isa = PBXGroup;
			children = (
				1992861D206F5E6A000A72A8 /* integratr */,
				19928632206F5E6A000A72A8 /* integratrTests */,
				1992863D206F5E6A000A72A8 /* integratrUITests */,
				1992861C206F5E6A000A72A8 /* Products */,
			);
			sourceTree = "<group>";
		};
		1992861C206F5E6A000A72A8 /* Products */ = {
			isa = PBXGroup;
			children = (
				1992861B206F5E6A000A72A8 /* integratr.app */,
				1992862F206F5E6A000A72A8 /* integratrTests.xctest */,
				1992863A206F5E6A000A72A8 /* integratrUITests.xctest */,
			);
			name = Products;
			sourceTree = "<group>";
		};
		1992861D206F5E6A000A72A8 /* integratr */ = {
			isa = PBXGroup;
			children = (
				1931DC4A20D8C6E00041A751 /* GlobalVariables.swift */,
				19928620206F5E6A000A72A8 /* ViewController.swift */,
				1991DF7D20C315CA0082AC86 /* MainPage.swift */,
				194BAE3620C9E1B90066F044 /* GetClasses.swift */,
				19988FB520B9F1D2007949F1 /* LibBook.swift */,
				194BAE3820C9E2CF0066F044 /* WebView.swift */,
				1992861E206F5E6A000A72A8 /* AppDelegate.swift */,
				194EFF2620B2723F00B3582E /* TimeSlot.swift */,
				19B6648B20CCA72600C50154 /* User.swift */,
				19928622206F5E6A000A72A8 /* Main.storyboard */,
				19928625206F5E6A000A72A8 /* Assets.xcassets */,
				19928627206F5E6A000A72A8 /* LaunchScreen.storyboard */,
				1992862A206F5E6A000A72A8 /* Info.plist */,
				194EFF2220B26F6E00B3582E /* Class.swift */,
			);
			path = integratr;
			sourceTree = "<group>";
		};
		19928632206F5E6A000A72A8 /* integratrTests */ = {
			isa = PBXGroup;
			children = (
				19928633206F5E6A000A72A8 /* integratrTests.swift */,
				19928635206F5E6A000A72A8 /* Info.plist */,
			);
			path = integratrTests;
			sourceTree = "<group>";
		};
		1992863D206F5E6A000A72A8 /* integratrUITests */ = {
			isa = PBXGroup;
			children = (
				1992863E206F5E6A000A72A8 /* integratrUITests.swift */,
				19928640206F5E6A000A72A8 /* Info.plist */,
			);
			path = integratrUITests;
			sourceTree = "<group>";
		};
/* End PBXGroup section */

/* Begin PBXNativeTarget section */
		1992861A206F5E69000A72A8 /* integratr */ = {
			isa = PBXNativeTarget;
			buildConfigurationList = 19928643206F5E6A000A72A8 /* Build configuration list for PBXNativeTarget "integratr" */;
			buildPhases = (
				19928617206F5E69000A72A8 /* Sources */,
				19928618206F5E69000A72A8 /* Frameworks */,
				19928619206F5E69000A72A8 /* Resources */,
			);
			buildRules = (
			);
			dependencies = (
			);
			name = integratr;
			productName = integratr;
			productReference = 1992861B206F5E6A000A72A8 /* integratr.app */;
			productType = "com.apple.product-type.application";
		};
		1992862E206F5E6A000A72A8 /* integratrTests */ = {
			isa = PBXNativeTarget;
			buildConfigurationList = 19928646206F5E6A000A72A8 /* Build configuration list for PBXNativeTarget "integratrTests" */;
			buildPhases = (
				1992862B206F5E6A000A72A8 /* Sources */,
				1992862C206F5E6A000A72A8 /* Frameworks */,
				1992862D206F5E6A000A72A8 /* Resources */,
			);
			buildRules = (
			);
			dependencies = (
				19928631206F5E6A000A72A8 /* PBXTargetDependency */,
			);
			name = integratrTests;
			productName = integratrTests;
			productReference = 1992862F206F5E6A000A72A8 /* integratrTests.xctest */;
			productType = "com.apple.product-type.bundle.unit-test";
		};
		19928639206F5E6A000A72A8 /* integratrUITests */ = {
			isa = PBXNativeTarget;
			buildConfigurationList = 19928649206F5E6A000A72A8 /* Build configuration list for PBXNativeTarget "integratrUITests" */;
			buildPhases = (
				19928636206F5E6A000A72A8 /* Sources */,
				19928637206F5E6A000A72A8 /* Frameworks */,
				19928638206F5E6A000A72A8 /* Resources */,
			);
			buildRules = (
			);
			dependencies = (
				1992863C206F5E6A000A72A8 /* PBXTargetDependency */,
			);
			name = integratrUITests;
			productName = integratrUITests;
			productReference = 1992863A206F5E6A000A72A8 /* integratrUITests.xctest */;
			productType = "com.apple.product-type.bundle.ui-testing";
		};
/* End PBXNativeTarget section */

/* Begin PBXProject section */
		19928613206F5E69000A72A8 /* Project object */ = {
			isa = PBXProject;
			attributes = {
				LastSwiftUpdateCheck = 0920;
				LastUpgradeCheck = 0930;
				ORGANIZATIONNAME = "Adam Bujak";
				TargetAttributes = {
					1992861A206F5E69000A72A8 = {
						CreatedOnToolsVersion = 9.2;
						ProvisioningStyle = Automatic;
					};
					1992862E206F5E6A000A72A8 = {
						CreatedOnToolsVersion = 9.2;
						ProvisioningStyle = Automatic;
						TestTargetID = 1992861A206F5E69000A72A8;
					};
					19928639206F5E6A000A72A8 = {
						CreatedOnToolsVersion = 9.2;
						ProvisioningStyle = Automatic;
						TestTargetID = 1992861A206F5E69000A72A8;
					};
				};
			};
			buildConfigurationList = 19928616206F5E69000A72A8 /* Build configuration list for PBXProject "integratr" */;
			compatibilityVersion = "Xcode 8.0";
			developmentRegion = en;
			hasScannedForEncodings = 0;
			knownRegions = (
				en,
				Base,
			);
			mainGroup = 19928612206F5E69000A72A8;
			productRefGroup = 1992861C206F5E6A000A72A8 /* Products */;
			projectDirPath = "";
			projectRoot = "";
			targets = (
				1992861A206F5E69000A72A8 /* integratr */,
				1992862E206F5E6A000A72A8 /* integratrTests */,
				19928639206F5E6A000A72A8 /* integratrUITests */,
			);
		};
/* End PBXProject section */

/* Begin PBXResourcesBuildPhase section */
		19928619206F5E69000A72A8 /* Resources */ = {
			isa = PBXResourcesBuildPhase;
			buildActionMask = 2147483647;
			files = (
				19928629206F5E6A000A72A8 /* LaunchScreen.storyboard in Resources */,
				19928626206F5E6A000A72A8 /* Assets.xcassets in Resources */,
				19928624206F5E6A000A72A8 /* Main.storyboard in Resources */,
			);
			runOnlyForDeploymentPostprocessing = 0;
		};
		1992862D206F5E6A000A72A8 /* Resources */ = {
			isa = PBXResourcesBuildPhase;
			buildActionMask = 2147483647;
			files = (
			);
			runOnlyForDeploymentPostprocessing = 0;
		};
		19928638206F5E6A000A72A8 /* Resources */ = {
			isa = PBXResourcesBuildPhase;
			buildActionMask = 2147483647;
			files = (
			);
			runOnlyForDeploymentPostprocessing = 0;
		};
/* End PBXResourcesBuildPhase section */

/* Begin PBXSourcesBuildPhase section */
		19928617206F5E69000A72A8 /* Sources */ = {
			isa = PBXSourcesBuildPhase;
			buildActionMask = 2147483647;
			files = (
				194EFF2320B26F6E00B3582E /* Class.swift in Sources */,
				194BAE3920C9E2CF0066F044 /* WebView.swift in Sources */,
				194BAE3720C9E1B90066F044 /* GetClasses.swift in Sources */,
				19928621206F5E6A000A72A8 /* ViewController.swift in Sources */,
				1931DC4B20D8C6E00041A751 /* GlobalVariables.swift in Sources */,
				194EFF2720B2723F00B3582E /* TimeSlot.swift in Sources */,
				19B6648C20CCA72600C50154 /* User.swift in Sources */,
				19988FB620B9F1D2007949F1 /* LibBook.swift in Sources */,
				1992861F206F5E6A000A72A8 /* AppDelegate.swift in Sources */,
				1991DF7E20C315CA0082AC86 /* MainPage.swift in Sources */,
			);
			runOnlyForDeploymentPostprocessing = 0;
		};
		1992862B206F5E6A000A72A8 /* Sources */ = {
			isa = PBXSourcesBuildPhase;
			buildActionMask = 2147483647;
			files = (
				19928634206F5E6A000A72A8 /* integratrTests.swift in Sources */,
			);
			runOnlyForDeploymentPostprocessing = 0;
		};
		19928636206F5E6A000A72A8 /* Sources */ = {
			isa = PBXSourcesBuildPhase;
			buildActionMask = 2147483647;
			files = (
				1992863F206F5E6A000A72A8 /* integratrUITests.swift in Sources */,
			);
			runOnlyForDeploymentPostprocessing = 0;
		};
/* End PBXSourcesBuildPhase section */

/* Begin PBXTargetDependency section */
		19928631206F5E6A000A72A8 /* PBXTargetDependency */ = {
			isa = PBXTargetDependency;
			target = 1992861A206F5E69000A72A8 /* integratr */;
			targetProxy = 19928630206F5E6A000A72A8 /* PBXContainerItemProxy */;
		};
		1992863C206F5E6A000A72A8 /* PBXTargetDependency */ = {
			isa = PBXTargetDependency;
			target = 1992861A206F5E69000A72A8 /* integratr */;
			targetProxy = 1992863B206F5E6A000A72A8 /* PBXContainerItemProxy */;
		};
/* End PBXTargetDependency section */

/* Begin PBXVariantGroup section */
		19928622206F5E6A000A72A8 /* Main.storyboard */ = {
			isa = PBXVariantGroup;
			children = (
				19928623206F5E6A000A72A8 /* Base */,
			);
			name = Main.storyboard;
			sourceTree = "<group>";
		};
		19928627206F5E6A000A72A8 /* LaunchScreen.storyboard */ = {
			isa = PBXVariantGroup;
			children = (
				19928628206F5E6A000A72A8 /* Base */,
			);
			name = LaunchScreen.storyboard;
			sourceTree = "<group>";
		};
/* End PBXVariantGroup section */

/* Begin XCBuildConfiguration section */
		19928641206F5E6A000A72A8 /* Debug */ = {
			isa = XCBuildConfiguration;
			buildSettings = {
				ALWAYS_SEARCH_USER_PATHS = NO;
				CLANG_ANALYZER_NONNULL = YES;
				CLANG_ANALYZER_NUMBER_OBJECT_CONVERSION = YES_AGGRESSIVE;
				CLANG_CXX_LANGUAGE_STANDARD = "gnu++14";
				CLANG_CXX_LIBRARY = "libc++";
				CLANG_ENABLE_MODULES = YES;
				CLANG_ENABLE_OBJC_ARC = YES;
				CLANG_WARN_BLOCK_CAPTURE_AUTORELEASING = YES;
				CLANG_WARN_BOOL_CONVERSION = YES;
				CLANG_WARN_COMMA = YES;
				CLANG_WARN_CONSTANT_CONVERSION = YES;
				CLANG_WARN_DEPRECATED_OBJC_IMPLEMENTATIONS = YES;
				CLANG_WARN_DIRECT_OBJC_ISA_USAGE = YES_ERROR;
				CLANG_WARN_DOCUMENTATION_COMMENTS = YES;
				CLANG_WARN_EMPTY_BODY = YES;
				CLANG_WARN_ENUM_CONVERSION = YES;
				CLANG_WARN_INFINITE_RECURSION = YES;
				CLANG_WARN_INT_CONVERSION = YES;
				CLANG_WARN_NON_LITERAL_NULL_CONVERSION = YES;
				CLANG_WARN_OBJC_IMPLICIT_RETAIN_SELF = YES;
				CLANG_WARN_OBJC_LITERAL_CONVERSION = YES;
				CLANG_WARN_OBJC_ROOT_CLASS = YES_ERROR;
				CLANG_WARN_RANGE_LOOP_ANALYSIS = YES;
				CLANG_WARN_STRICT_PROTOTYPES = YES;
				CLANG_WARN_SUSPICIOUS_MOVE = YES;
				CLANG_WARN_UNGUARDED_AVAILABILITY = YES_AGGRESSIVE;
				CLANG_WARN_UNREACHABLE_CODE = YES;
				CLANG_WARN__DUPLICATE_METHOD_MATCH = YES;
				CODE_SIGN_IDENTITY = "iPhone Developer";
				COPY_PHASE_STRIP = NO;
				DEBUG_INFORMATION_FORMAT = dwarf;
				ENABLE_STRICT_OBJC_MSGSEND = YES;
				ENABLE_TESTABILITY = YES;
				GCC_C_LANGUAGE_STANDARD = gnu11;
				GCC_DYNAMIC_NO_PIC = NO;
				GCC_NO_COMMON_BLOCKS = YES;
				GCC_OPTIMIZATION_LEVEL = 0;
				GCC_PREPROCESSOR_DEFINITIONS = (
					"DEBUG=1",
					"$(inherited)",
				);
				GCC_WARN_64_TO_32_BIT_CONVERSION = YES;
				GCC_WARN_ABOUT_RETURN_TYPE = YES_ERROR;
				GCC_WARN_UNDECLARED_SELECTOR = YES;
				GCC_WARN_UNINITIALIZED_AUTOS = YES_AGGRESSIVE;
				GCC_WARN_UNUSED_FUNCTION = YES;
				GCC_WARN_UNUSED_VARIABLE = YES;
				IPHONEOS_DEPLOYMENT_TARGET = 11.2;
				MTL_ENABLE_DEBUG_INFO = YES;
				ONLY_ACTIVE_ARCH = YES;
				SDKROOT = iphoneos;
				SWIFT_ACTIVE_COMPILATION_CONDITIONS = DEBUG;
				SWIFT_OPTIMIZATION_LEVEL = "-Onone";
			};
			name = Debug;
		};
		19928642206F5E6A000A72A8 /* Release */ = {
			isa = XCBuildConfiguration;
			buildSettings = {
				ALWAYS_SEARCH_USER_PATHS = NO;
				CLANG_ANALYZER_NONNULL = YES;
				CLANG_ANALYZER_NUMBER_OBJECT_CONVERSION = YES_AGGRESSIVE;
				CLANG_CXX_LANGUAGE_STANDARD = "gnu++14";
				CLANG_CXX_LIBRARY = "libc++";
				CLANG_ENABLE_MODULES = YES;
				CLANG_ENABLE_OBJC_ARC = YES;
				CLANG_WARN_BLOCK_CAPTURE_AUTORELEASING = YES;
				CLANG_WARN_BOOL_CONVERSION = YES;
				CLANG_WARN_COMMA = YES;
				CLANG_WARN_CONSTANT_CONVERSION = YES;
				CLANG_WARN_DEPRECATED_OBJC_IMPLEMENTATIONS = YES;
				CLANG_WARN_DIRECT_OBJC_ISA_USAGE = YES_ERROR;
				CLANG_WARN_DOCUMENTATION_COMMENTS = YES;
				CLANG_WARN_EMPTY_BODY = YES;
				CLANG_WARN_ENUM_CONVERSION = YES;
				CLANG_WARN_INFINITE_RECURSION = YES;
				CLANG_WARN_INT_CONVERSION = YES;
				CLANG_WARN_NON_LITERAL_NULL_CONVERSION = YES;
				CLANG_WARN_OBJC_IMPLICIT_RETAIN_SELF = YES;
				CLANG_WARN_OBJC_LITERAL_CONVERSION = YES;
				CLANG_WARN_OBJC_ROOT_CLASS = YES_ERROR;
				CLANG_WARN_RANGE_LOOP_ANALYSIS = YES;
				CLANG_WARN_STRICT_PROTOTYPES = YES;
				CLANG_WARN_SUSPICIOUS_MOVE = YES;
				CLANG_WARN_UNGUARDED_AVAILABILITY = YES_AGGRESSIVE;
				CLANG_WARN_UNREACHABLE_CODE = YES;
				CLANG_WARN__DUPLICATE_METHOD_MATCH = YES;
				CODE_SIGN_IDENTITY = "iPhone Developer";
				COPY_PHASE_STRIP = NO;
				DEBUG_INFORMATION_FORMAT = "dwarf-with-dsym";
				ENABLE_NS_ASSERTIONS = NO;
				ENABLE_STRICT_OBJC_MSGSEND = YES;
				GCC_C_LANGUAGE_STANDARD = gnu11;
				GCC_NO_COMMON_BLOCKS = YES;
				GCC_WARN_64_TO_32_BIT_CONVERSION = YES;
				GCC_WARN_ABOUT_RETURN_TYPE = YES_ERROR;
				GCC_WARN_UNDECLARED_SELECTOR = YES;
				GCC_WARN_UNINITIALIZED_AUTOS = YES_AGGRESSIVE;
				GCC_WARN_UNUSED_FUNCTION = YES;
				GCC_WARN_UNUSED_VARIABLE = YES;
				IPHONEOS_DEPLOYMENT_TARGET = 11.2;
				MTL_ENABLE_DEBUG_INFO = NO;
				SDKROOT = iphoneos;
				SWIFT_OPTIMIZATION_LEVEL = "-Owholemodule";
				VALIDATE_PRODUCT = YES;
			};
			name = Release;
		};
		19928644206F5E6A000A72A8 /* Debug */ = {
			isa = XCBuildConfiguration;
			buildSettings = {
				ASSETCATALOG_COMPILER_APPICON_NAME = AppIcon;
				CODE_SIGN_STYLE = Automatic;
				DEVELOPMENT_TEAM = EQWL94CSYE;
				INFOPLIST_FILE = integratr/Info.plist;
				LD_RUNPATH_SEARCH_PATHS = "$(inherited) @executable_path/Frameworks";
				PRODUCT_BUNDLE_IDENTIFIER = com.limbwal.integratr;
				PRODUCT_NAME = "$(TARGET_NAME)";
				SWIFT_VERSION = 4.0;
				TARGETED_DEVICE_FAMILY = "1,2";
			};
			name = Debug;
		};
		19928645206F5E6A000A72A8 /* Release */ = {
			isa = XCBuildConfiguration;
			buildSettings = {
				ASSETCATALOG_COMPILER_APPICON_NAME = AppIcon;
				CODE_SIGN_STYLE = Automatic;
				DEVELOPMENT_TEAM = EQWL94CSYE;
				INFOPLIST_FILE = integratr/Info.plist;
				LD_RUNPATH_SEARCH_PATHS = "$(inherited) @executable_path/Frameworks";
				PRODUCT_BUNDLE_IDENTIFIER = com.limbwal.integratr;
				PRODUCT_NAME = "$(TARGET_NAME)";
				SWIFT_VERSION = 4.0;
				TARGETED_DEVICE_FAMILY = "1,2";
			};
			name = Release;
		};
		19928647206F5E6A000A72A8 /* Debug */ = {
			isa = XCBuildConfiguration;
			buildSettings = {
				ALWAYS_EMBED_SWIFT_STANDARD_LIBRARIES = YES;
				BUNDLE_LOADER = "$(TEST_HOST)";
				CODE_SIGN_STYLE = Automatic;
				INFOPLIST_FILE = integratrTests/Info.plist;
				LD_RUNPATH_SEARCH_PATHS = "$(inherited) @executable_path/Frameworks @loader_path/Frameworks";
				PRODUCT_BUNDLE_IDENTIFIER = com.limbwal.integratrTests;
				PRODUCT_NAME = "$(TARGET_NAME)";
				SWIFT_VERSION = 4.0;
				TARGETED_DEVICE_FAMILY = "1,2";
				TEST_HOST = "$(BUILT_PRODUCTS_DIR)/integratr.app/integratr";
			};
			name = Debug;
		};
		19928648206F5E6A000A72A8 /* Release */ = {
			isa = XCBuildConfiguration;
			buildSettings = {
				ALWAYS_EMBED_SWIFT_STANDARD_LIBRARIES = YES;
				BUNDLE_LOADER = "$(TEST_HOST)";
				CODE_SIGN_STYLE = Automatic;
				INFOPLIST_FILE = integratrTests/Info.plist;
				LD_RUNPATH_SEARCH_PATHS = "$(inherited) @executable_path/Frameworks @loader_path/Frameworks";
				PRODUCT_BUNDLE_IDENTIFIER = com.limbwal.integratrTests;
				PRODUCT_NAME = "$(TARGET_NAME)";
				SWIFT_VERSION = 4.0;
				TARGETED_DEVICE_FAMILY = "1,2";
				TEST_HOST = "$(BUILT_PRODUCTS_DIR)/integratr.app/integratr";
			};
			name = Release;
		};
		1992864A206F5E6A000A72A8 /* Debug */ = {
			isa = XCBuildConfiguration;
			buildSettings = {
				ALWAYS_EMBED_SWIFT_STANDARD_LIBRARIES = YES;
				CODE_SIGN_STYLE = Automatic;
				INFOPLIST_FILE = integratrUITests/Info.plist;
				LD_RUNPATH_SEARCH_PATHS = "$(inherited) @executable_path/Frameworks @loader_path/Frameworks";
				PRODUCT_BUNDLE_IDENTIFIER = com.limbwal.integratrUITests;
				PRODUCT_NAME = "$(TARGET_NAME)";
				SWIFT_VERSION = 4.0;
				TARGETED_DEVICE_FAMILY = "1,2";
				TEST_TARGET_NAME = integratr;
			};
			name = Debug;
		};
		1992864B206F5E6A000A72A8 /* Release */ = {
			isa = XCBuildConfiguration;
			buildSettings = {
				ALWAYS_EMBED_SWIFT_STANDARD_LIBRARIES = YES;
				CODE_SIGN_STYLE = Automatic;
				INFOPLIST_FILE = integratrUITests/Info.plist;
				LD_RUNPATH_SEARCH_PATHS = "$(inherited) @executable_path/Frameworks @loader_path/Frameworks";
				PRODUCT_BUNDLE_IDENTIFIER = com.limbwal.integratrUITests;
				PRODUCT_NAME = "$(TARGET_NAME)";
				SWIFT_VERSION = 4.0;
				TARGETED_DEVICE_FAMILY = "1,2";
				TEST_TARGET_NAME = integratr;
			};
			name = Release;
		};
/* End XCBuildConfiguration section */

/* Begin XCConfigurationList section */
		19928616206F5E69000A72A8 /* Build configuration list for PBXProject "integratr" */ = {
			isa = XCConfigurationList;
			buildConfigurations = (
				19928641206F5E6A000A72A8 /* Debug */,
				19928642206F5E6A000A72A8 /* Release */,
			);
			defaultConfigurationIsVisible = 0;
			defaultConfigurationName = Release;
		};
		19928643206F5E6A000A72A8 /* Build configuration list for PBXNativeTarget "integratr" */ = {
			isa = XCConfigurationList;
			buildConfigurations = (
				19928644206F5E6A000A72A8 /* Debug */,
				19928645206F5E6A000A72A8 /* Release */,
			);
			defaultConfigurationIsVisible = 0;
			defaultConfigurationName = Release;
		};
		19928646206F5E6A000A72A8 /* Build configuration list for PBXNativeTarget "integratrTests" */ = {
			isa = XCConfigurationList;
			buildConfigurations = (
				19928647206F5E6A000A72A8 /* Debug */,
				19928648206F5E6A000A72A8 /* Release */,
			);
			defaultConfigurationIsVisible = 0;
			defaultConfigurationName = Release;
		};
		19928649206F5E6A000A72A8 /* Build configuration list for PBXNativeTarget "integratrUITests" */ = {
			isa = XCConfigurationList;
			buildConfigurations = (
				1992864A206F5E6A000A72A8 /* Debug */,
				1992864B206F5E6A000A72A8 /* Release */,
			);
			defaultConfigurationIsVisible = 0;
			defaultConfigurationName = Release;
		};
/* End XCConfigurationList section */
	};
	rootObject = 19928613206F5E69000A72A8 /* Project object */;
}
