PODS:
  - AWSAuthCore (2.6.21):
    - AWSCore (= 2.6.21)
  - AWSCore (2.6.21)
  - AWSMobileClient (2.6.21):
    - AWSAuthCore (= 2.6.21)

DEPENDENCIES:
  - AWSMobileClient (~> 2.6.13)

SPEC REPOS:
  https://github.com/cocoapods/specs.git:
    - AWSAuthCore
    - AWSCore
    - AWSMobileClient

SPEC CHECKSUMS:
  AWSAuthCore: f912e4f032092818ee21860a44386c485329a92b
  AWSCore: a1ff1d32ea7af235fe64be301c204b34cb1f9f83
  AWSMobileClient: f61ef1ca52cf561a3831f4c29b8bfc43234db8f3

PODFILE CHECKSUM: a9e3c95e42dda457588b75d65c22ec76bfb7e1fe

COCOAPODS: 1.5.3
